
Microsoft Visual Studio Solution File, Format Version 12.00
# Visual Studio Version 17
VisualStudioVersion = 17.13.35913.81 d17.13
MinimumVisualStudioVersion = 10.0.40219.1
Project("{FAE04EC0-301F-11D3-BF4B-00C04F79EFBC}") = "CapaPresentacion", "CapaPresentacion\CapaPresentacion.csproj", "{CE63C7A3-87FE-4E68-B209-2D7678430D59}"
EndProject
Project("{FAE04EC0-301F-11D3-BF4B-00C04F79EFBC}") = "CapaEntidad", "..\TiendaN\CapaEntidad\CapaEntidad.csproj", "{0E3C34AF-BF9F-094F-FFF4-50209320949F}"
EndProject
Project("{FAE04EC0-301F-11D3-BF4B-00C04F79EFBC}") = "CapaNegocio", "..\TiendaN\CapaNegocio\CapaNegocio.csproj", "{66B95D89-DFB0-A63B-1A88-1E0360F3BBD9}"
EndProject
Project("{FAE04EC0-301F-11D3-BF4B-00C04F79EFBC}") = "CapaDatos", "..\TiendaN\CapaDatos\CapaDatos.csproj", "{C8B9A128-C6D4-7EDB-0926-037437F92FB5}"
EndProject
Global
	GlobalSection(SolutionConfigurationPlatforms) = preSolution
		Debug|Any CPU = Debug|Any CPU
		Release|Any CPU = Release|Any CPU
	EndGlobalSection
	GlobalSection(ProjectConfigurationPlatforms) = postSolution
		{CE63C7A3-87FE-4E68-B209-2D7678430D59}.Debug|Any CPU.ActiveCfg = Debug|Any CPU
		{CE63C7A3-87FE-4E68-B209-2D7678430D59}.Debug|Any CPU.Build.0 = Debug|Any CPU
		{CE63C7A3-87FE-4E68-B209-2D7678430D59}.Release|Any CPU.ActiveCfg = Release|Any CPU
		{CE63C7A3-87FE-4E68-B209-2D7678430D59}.Release|Any CPU.Build.0 = Release|Any CPU
		{0E3C34AF-BF9F-094F-FFF4-50209320949F}.Debug|Any CPU.ActiveCfg = Debug|Any CPU
		{0E3C34AF-BF9F-094F-FFF4-50209320949F}.Debug|Any CPU.Build.0 = Debug|Any CPU
		{0E3C34AF-BF9F-094F-FFF4-50209320949F}.Release|Any CPU.ActiveCfg = Release|Any CPU
		{0E3C34AF-BF9F-094F-FFF4-50209320949F}.Release|Any CPU.Build.0 = Release|Any CPU
		{66B95D89-DFB0-A63B-1A88-1E0360F3BBD9}.Debug|Any CPU.ActiveCfg = Debug|Any CPU
		{66B95D89-DFB0-A63B-1A88-1E0360F3BBD9}.Debug|Any CPU.Build.0 = Debug|Any CPU
		{66B95D89-DFB0-A63B-1A88-1E0360F3BBD9}.Release|Any CPU.ActiveCfg = Release|Any CPU
		{66B95D89-DFB0-A63B-1A88-1E0360F3BBD9}.Release|Any CPU.Build.0 = Release|Any CPU
		{C8B9A128-C6D4-7EDB-0926-037437F92FB5}.Debug|Any CPU.ActiveCfg = Debug|Any CPU
		{C8B9A128-C6D4-7EDB-0926-037437F92FB5}.Debug|Any CPU.Build.0 = Debug|Any CPU
		{C8B9A128-C6D4-7EDB-0926-037437F92FB5}.Release|Any CPU.ActiveCfg = Release|Any CPU
		{C8B9A128-C6D4-7EDB-0926-037437F92FB5}.Release|Any CPU.Build.0 = Release|Any CPU
	EndGlobalSection
	GlobalSection(SolutionProperties) = preSolution
		HideSolutionNode = FALSE
	EndGlobalSection
	GlobalSection(ExtensibilityGlobals) = postSolution
		SolutionGuid = {5E6A670A-70BF-4017-8664-20DF6ADF47FD}
	EndGlobalSection
EndGlobal
